# Auto-generated by dotagents. Do not edit.
version = 1

[skills.dotagents]
source = "getsentry/dotagents"
resolved_url = "https://github.com/getsentry/dotagents.git"
resolved_path = "skills/dotagents"
commit = "48327d48ecd02ed8bdd97b4d8839a6695132273f"
integrity = "sha256-bVx96wBmjIF6NPfPH7GMDWUJLulbAHWZhRWi1UAZ6Ws="

[skills.sentry-create-alert]
source = "getsentry/sentry-agent-skills"
resolved_url = "https://github.com/getsentry/sentry-agent-skills.git"
resolved_path = "skills/sentry-create-alert"
commit = "9f54eb021916a7cff2c04a9f4e4c1f9439f3202c"
integrity = "sha256-Z+DwVEFVdVsH4uDae4sZB45dCMZhCn0pzlqLRLJtONw="

[skills.sentry-fix-issues]
source = "getsentry/sentry-agent-skills"
resolved_url = "https://github.com/getsentry/sentry-agent-skills.git"
resolved_path = "skills/sentry-fix-issues"
commit = "9f54eb021916a7cff2c04a9f4e4c1f9439f3202c"
integrity = "sha256-+61ENWSENnyIOON3R7hXnbctH6oO3nbb8ybrlfG8mbY="

[skills.sentry-nextjs-sdk]
source = "getsentry/sentry-agent-skills"
resolved_url = "https://github.com/getsentry/sentry-agent-skills.git"
resolved_path = "skills/sentry-nextjs-sdk"
commit = "9f54eb021916a7cff2c04a9f4e4c1f9439f3202c"
integrity = "sha256-GTQcMDEZ6Oof8456PRsj/0mEltCP+WGzMfIjxXnihAs="

[skills.sentry-otel-exporter-setup]
source = "getsentry/sentry-agent-skills"
resolved_url = "https://github.com/getsentry/sentry-agent-skills.git"
resolved_path = "skills/sentry-otel-exporter-setup"
commit = "9f54eb021916a7cff2c04a9f4e4c1f9439f3202c"
integrity = "sha256-hRj6ss/Ax9VhcDp31TtKujgJvp6lwzQI9fMi6UnHbsE="

[skills.sentry-pr-code-review]
source = "getsentry/sentry-agent-skills"
resolved_url = "https://github.com/getsentry/sentry-agent-skills.git"
resolved_path = "skills/sentry-pr-code-review"
commit = "9f54eb021916a7cff2c04a9f4e4c1f9439f3202c"
integrity = "sha256-o4SKbENEPJP6NOvqmSGrLT1bFdpkObrLYYLLtqT5Hbk="

[skills.sentry-sdk-skill-creator]
source = "getsentry/sentry-agent-skills"
resolved_url = "https://github.com/getsentry/sentry-agent-skills.git"
resolved_path = "skills/sentry-sdk-skill-creator"
commit = "9f54eb021916a7cff2c04a9f4e4c1f9439f3202c"
integrity = "sha256-FXqkg6Mc5D6goCy+YN4deAnQg8pD0h9D0YEM+nTiVAc="

[skills.sentry-setup-ai-monitoring]
source = "getsentry/sentry-agent-skills"
resolved_url = "https://github.com/getsentry/sentry-agent-skills.git"
resolved_path = "skills/sentry-setup-ai-monitoring"
commit = "9f54eb021916a7cff2c04a9f4e4c1f9439f3202c"
integrity = "sha256-ZoEJ5ugtnZLusywjVAUfwQV9Zi7sTKLBKkzrGcS/Lpg="
